
Microsoft Visual Studio Solution File, Format Version 12.00
# Visual Studio Version 17
VisualStudioVersion = 17.10.34916.146
MinimumVisualStudioVersion = 10.0.40219.1
Project("{FAE04EC0-301F-11D3-BF4B-00C04F79EFBC}") = "Projet final", "Projet final\Projet final.csproj", "{FC940AA0-632C-42D9-8F0C-6F4FDAC5C41D}"
EndProject
Global
	GlobalSection(SolutionConfigurationPlatforms) = preSolution
		Debug|Any CPU = Debug|Any CPU
		Release|Any CPU = Release|Any CPU
	EndGlobalSection
	GlobalSection(ProjectConfigurationPlatforms) = postSolution
		{FC940AA0-632C-42D9-8F0C-6F4FDAC5C41D}.Debug|Any CPU.ActiveCfg = Debug|Any CPU
		{FC940AA0-632C-42D9-8F0C-6F4FDAC5C41D}.Debug|Any CPU.Build.0 = Debug|Any CPU
		{FC940AA0-632C-42D9-8F0C-6F4FDAC5C41D}.Release|Any CPU.ActiveCfg = Release|Any CPU
		{FC940AA0-632C-42D9-8F0C-6F4FDAC5C41D}.Release|Any CPU.Build.0 = Release|Any CPU
	EndGlobalSection
	GlobalSection(SolutionProperties) = preSolution
		HideSolutionNode = FALSE
	EndGlobalSection
	GlobalSection(ExtensibilityGlobals) = postSolution
		SolutionGuid = {3BD30B33-7607-4814-A3C0-6663265AD9D3}
	EndGlobalSection
EndGlobal
